
Microsoft Visual Studio Solution File, Format Version 12.00
# Visual Studio Version 17
VisualStudioVersion = 17.8.34330.188
MinimumVisualStudioVersion = 10.0.40219.1
Project("{FAE04EC0-301F-11D3-BF4B-00C04F79EFBC}") = "Nube", "Nube\Nube.csproj", "{46A17F5F-434E-484B-A247-08F6469CCFD8}"
EndProject
Global
	GlobalSection(SolutionConfigurationPlatforms) = preSolution
		Debug|Any CPU = Debug|Any CPU
		Release|Any CPU = Release|Any CPU
	EndGlobalSection
	GlobalSection(ProjectConfigurationPlatforms) = postSolution
		{46A17F5F-434E-484B-A247-08F6469CCFD8}.Debug|Any CPU.ActiveCfg = Debug|Any CPU
		{46A17F5F-434E-484B-A247-08F6469CCFD8}.Debug|Any CPU.Build.0 = Debug|Any CPU
		{46A17F5F-434E-484B-A247-08F6469CCFD8}.Release|Any CPU.ActiveCfg = Release|Any CPU
		{46A17F5F-434E-484B-A247-08F6469CCFD8}.Release|Any CPU.Build.0 = Release|Any CPU
	EndGlobalSection
	GlobalSection(SolutionProperties) = preSolution
		HideSolutionNode = FALSE
	EndGlobalSection
	GlobalSection(ExtensibilityGlobals) = postSolution
		SolutionGuid = {A2D3555E-B1A4-42BE-9D6F-FB00F4BEF48B}
	EndGlobalSection
EndGlobal
